install_repository_dependencies: true
install_resolver_dependencies: true
install_tool_dependencies: false
tools:
- name: dropletutils_read_10x
  owner: ebi-gxa
  revisions:
  - 48c1e7b39675
  - d62a9aa0411e
  - f25f42dc256a
  tool_panel_section_id: hca_sc_utils_viz
- name: dropletutils_empty_drops
  owner: ebi-gxa
  revisions:
  - 00b41600e1c1
  - b4332c428c63
  - da189ce4016b
  tool_panel_section_id: hca_sc_utils_viz
- name: gtf2gene_list
  owner: ebi-gxa
  revisions:
  - 00ee933b08fd
  - 040d4b3a19d5
  - 1a642de6db01
  - 247b439a78f7
  - b6354c917ef9
  - b95e6a9bb15c
  - e255c0e5dfca
  tool_panel_section_id: hca_sc_utils_viz
- name: retrieve_scxa
  owner: ebi-gxa
  revisions:
  - cc21614b6693
  - cd6b80f62fcc
  tool_panel_section_id: hca_sc_get-scrna
- name: hca_matrix_downloader
  owner: ebi-gxa
  revisions:
  - 2e81fbe036b2
  - c127d4124583
  tool_panel_section_id: hca_sc_get-scrna
- name: sc3_calc_biology
  owner: ebi-gxa
  revisions:
  - 2ee3dd245f72
  tool_panel_section_id: hca_sc_sc3_tools
- name: sc3_calc_consens
  owner: ebi-gxa
  revisions:
  - aa83350751f5
  tool_panel_section_id: hca_sc_sc3_tools
- name: sc3_calc_dists
  owner: ebi-gxa
  revisions:
  - d005fe979d80
  tool_panel_section_id: hca_sc_sc3_tools
- name: sc3_calc_transfs
  owner: ebi-gxa
  revisions:
  - b06019da7b5a
  tool_panel_section_id: hca_sc_sc3_tools
- name: sc3_estimate_k
  owner: ebi-gxa
  revisions:
  - aab4d3a52ee3
  tool_panel_section_id: hca_sc_sc3_tools
- name: sc3_kmeans
  owner: ebi-gxa
  revisions:
  - b3c3cf813a49
  tool_panel_section_id: hca_sc_sc3_tools
- name: sc3_prepare
  owner: ebi-gxa
  revisions:
  - 9a2b61bfdaa9
  tool_panel_section_id: hca_sc_sc3_tools
- name: anndata_ops
  owner: ebi-gxa
  revisions:
  - 086d850271a2
  - '265348777440'
  - 339d205356c6
  - 35422e51b804
  - 98f37271c17c
  - ba18139e7400
  - d586ebb8ff43
  - ec4604919de3
  tool_panel_section_id: hca_sc_scanpy_tools
- name: scanpy_compute_graph
  owner: ebi-gxa
  revisions:
  - 3bce5710a90b
  - 3d242b0d97d0
  - 4f9811ccc575
  - 53e6944bd162
  - 6b2673e1f4c6
  - 75240f9a8c96
  - 7ad420b1be89
  - aada17e5da75
  - c938bef2ca98
  - e7fd6981c0f0
  - fe740b19e3b9
  tool_panel_section_id: hca_sc_scanpy_tools
- name: scanpy_filter_cells
  owner: ebi-gxa
  revisions:
  - 1b0fdf08a454
  - 3c3c254c9deb
  - 3dcc1629e420
  - 598f6161a665
  - 8d97bee137b5
  - 8e48fa9618c1
  - 9024cf7a9a13
  - 9b2072ee4bdd
  - 9c65f1de489b
  - 9f0ca1641ab2
  - c1362eee9eee
  - c23d0ff783d4
  - dcfb23758646
  tool_panel_section_id: hca_sc_scanpy_tools
- name: scanpy_filter_genes
  owner: ebi-gxa
  revisions:
  - 0bba942e0869
  - 303c559f4e1f
  - 4bc377096eea
  - 6ac8b9a3a279
  - 6d571e4e5839
  - 77fbe74247c2
  - 7aebd6265a97
  - 88bccd53d18a
  - a797a810d7e9
  - c678f671e151
  - cb55f68ea1d7
  - d1b97a5d5a8d
  - f1e4de78d768
  - fa6c08064fc1
  tool_panel_section_id: hca_sc_scanpy_tools
- name: scanpy_find_cluster
  owner: ebi-gxa
  revisions:
  - 2704d80b7e91
  - 2784759ad631
  - 455846afcc73
  - 5a62843a2b9f
  - 6a9e2be28b07
  - 8abb1680e8ca
  - ab7a3bb8a622
  - ce27ae8a36cd
  - d5290f98fde4
  - e232ea3fff07
  - e4006a341f74
  - ee181563bae7
  tool_panel_section_id: hca_sc_scanpy_tools
- name: scanpy_find_markers
  owner: ebi-gxa
  revisions:
  - 0d63195a9b9f
  - 23939bfeee92
  - 377224a3cd1d
  - 67fa4288eee5
  - 71668dd2d47b
  - 74100c9351bc
  - af5e4efa9e66
  - b5e8157dc20f
  - c18f446dcfbf
  - c608fd80ec15
  - f00adc96e0bf
  tool_panel_section_id: hca_sc_scanpy_tools
- name: scanpy_find_variable_genes
  owner: ebi-gxa
  revisions:
  - 1c59a010bb44
  - 258e13397a8a
  - 305d0cbe0ffd
  - 321f1b073cbc
  - '710530217502'
  - 7558a3d8338e
  - 7a68f44c866b
  - b089f4a55e6b
  - cb007db0857d
  - d88a29e2eba6
  - de331b5828dc
  tool_panel_section_id: hca_sc_scanpy_tools
- name: scanpy_normalise_data
  owner: ebi-gxa
  revisions:
  - 059f8d2e8be1
  - 1442daff0c7c
  - 1dda36e73482
  - 3636ec97f3af
  - 378ea34bbf2a
  - 4a6b3778fcc4
  - 9681ec095ed5
  - 978bd87a87c2
  - 9e42d8795385
  - a97c37e0309a
  - e541f264fad2
  - f7322b68cc90
  tool_panel_section_id: hca_sc_scanpy_tools
- name: scanpy_parameter_iterator
  owner: ebi-gxa
  revisions:
  - 1a30a61effea
  - 25e0b1fd2d05
  - 40feaaed47cf
  - 877471253a87
  - 8e72a9b68d9d
  - 93680e2ff8f4
  - d574549f9dee
  - ec800d531617
  - f0dd61087af3
  tool_panel_section_id: hca_sc_scanpy_tools
- name: scanpy_plot_embed
  owner: ebi-gxa
  revisions:
  - 109cfa259d8b
  - 210026a1a50a
  - 452e0f19c2a2
  - 49fe4e682059
  - 68e82882a8f9
  - 882f4671d686
  - b2410da4e381
  - c63bc0b71865
  - dba78f1681b1
  - ddb20964072e
  tool_panel_section_id: hca_sc_scanpy_tools
- name: scanpy_plot_trajectory
  owner: ebi-gxa
  revisions:
  - 15f986f5dde6
  - 1b0680f609ce
  - 1d0e587bdd60
  - 2d00acd70129
  - 3798ea6a5e21
  - 4e666c43b6e3
  - 63cbe6d65e67
  - 8e2fc37c3e0c
  - eb10fa649a7e
  - f76e8237073a
  tool_panel_section_id: hca_sc_scanpy_tools
- name: scanpy_read_10x
  owner: ebi-gxa
  revisions:
  - 247e401d454f
  - 3faf577f3e40
  - 3ffd959f55f4
  - 572b6e3b2aff
  - 5fa923796ed3
  - 741d50b6dc78
  - 7757f4b43174
  - b021ae78ccb4
  - bd4a491baf39
  - cf55e0e462da
  - f180f7230cdb
  tool_panel_section_id: hca_sc_scanpy_tools
- name: scanpy_regress_variable
  owner: ebi-gxa
  revisions:
  - 203fac3b1ba3
  - 2131ec9d52e2
  - 5d112debfa2e
  - 6c990f8ccad3
  - 866ea2391985
  - 91157b3432df
  - 99c7380fae41
  - b174cb4cb89e
  - b8f8890d95e4
  - eb6935434c1f
  - eed0986f53c7
  tool_panel_section_id: hca_sc_scanpy_tools
- name: scanpy_run_diffmap
  owner: ebi-gxa
  revisions:
  - 1709957891e5
  - 34d65f2ccde3
  - 3f8d10b43598
  - 47603f46d6d9
  - 4a53eb16b926
  - 713e94af9d6c
  - 8e45c89adab2
  - a05d2553484e
  - c869331377bf
  - c9663294b25f
  - f5ebfe244c14
  tool_panel_section_id: hca_sc_scanpy_tools
- name: scanpy_run_dpt
  owner: ebi-gxa
  revisions:
  - 0e264c40fd06
  - 17eca8cc832a
  - 202e28c59b59
  - 299aca1029a1
  - 34f674af79ff
  - 4df362cd2aff
  - 8a6860957c84
  - b1cb0c2831ea
  - e82f42730fa1
  - eb764ec05bb9
  - f57f57c459d8
  tool_panel_section_id: hca_sc_scanpy_tools
- name: scanpy_run_fdg
  owner: ebi-gxa
  revisions:
  - 425f2e046231
  - 4c38558f0e7c
  - 5fb11df8f217
  - 646e7e3044ca
  - 6c40cc3e9dc0
  - 6f84e4382fb2
  - 96af0059b974
  - a82c905e2c26
  - d929261bc28c
  - f5bc7d1b32fd
  tool_panel_section_id: hca_sc_scanpy_tools
- name: scanpy_run_paga
  owner: ebi-gxa
  revisions:
  - 09c82810d14a
  - 3e53344e540d
  - 77bc9501765d
  - 8f2237bedbae
  - a12f0d1b0fac
  - b9ccaa957667
  - d811772b94d7
  - eba43c4d86b9
  - fa114efdb1e7
  - fdaf18739b31
  tool_panel_section_id: hca_sc_scanpy_tools
- name: scanpy_run_pca
  owner: ebi-gxa
  revisions:
  - 1618435e2a33
  - 242cf7e1fd0c
  - 2dd53b944e78
  - 4a54b92af339
  - 5063cd7f8c89
  - 544d45fca48f
  - 7798c318e7d7
  - 8b4dae3748d3
  - c990e40fbd46
  - c9fb2c0598cd
  - fe900f147809
  tool_panel_section_id: hca_sc_scanpy_tools
- name: scanpy_run_tsne
  owner: ebi-gxa
  revisions:
  - 091e5d709ef7
  - 2e74fd7b5f45
  - 3589dfaef3f6
  - 45674f057a31
  - 4ed72fb8eaf8
  - af9b447bcde8
  - b946c0c60d4c
  - d525452f8f2f
  - d85277b71596
  - e61ba8b05578
  - f6f189ce4ebc
  tool_panel_section_id: hca_sc_scanpy_tools
- name: scanpy_run_umap
  owner: ebi-gxa
  revisions:
  - 01750c193a83
  - 0ac2f9f2313b
  - 3bd1152dd854
  - 41f6078040da
  - 447c4a7e8561
  - 676e2964920a
  - 6eb7a2e37adf
  - 88c1516e25e0
  - aa85725f43a2
  - b282c349bd67
  - c111d7d04f0b
  tool_panel_section_id: hca_sc_scanpy_tools
- name: scanpy_scale_data
  owner: ebi-gxa
  revisions:
  - 1bb1d4419c48
  - 3a0d4bebabc5
  - 47fb7f4cd00a
  - 4c73b070cbff
  - 87a02d83b6f5
  - 95887cb6859f
  - 96b851e96dd0
  - 9acb5f068e6b
  - c23efca79651
  - c8f196ccf34a
  - eabf8e76e007
  tool_panel_section_id: hca_sc_scanpy_tools
- name: seurat_create_seurat_object
  owner: ebi-gxa
  revisions:
  - f8865ae30723
  tool_panel_section_id: hca_sc_seurat_tools
- name: seurat_dim_plot
  owner: ebi-gxa
  revisions:
  - 6e26ee99fdfc
  - daeca8f7a26e
  tool_panel_section_id: hca_sc_seurat_tools
- name: seurat_export_cellbrowser
  owner: ebi-gxa
  revisions:
  - 80eec773c961
  - 8c2b1d2659df
  tool_panel_section_id: hca_sc_seurat_tools
- name: seurat_filter_cells
  owner: ebi-gxa
  revisions:
  - 30982e805f8c
  - c1848daebad1
  tool_panel_section_id: hca_sc_seurat_tools
- name: seurat_find_clusters
  owner: ebi-gxa
  revisions:
  - 8ea738667314
  - bdabb6af06e4
  tool_panel_section_id: hca_sc_seurat_tools
- name: seurat_find_markers
  owner: ebi-gxa
  revisions:
  - 7895b4bb6247
  - fde95fe95f15
  tool_panel_section_id: hca_sc_seurat_tools
- name: seurat_find_variable_genes
  owner: ebi-gxa
  revisions:
  - a56efad05337
  - a6077346f869
  tool_panel_section_id: hca_sc_seurat_tools
- name: seurat_normalise_data
  owner: ebi-gxa
  revisions:
  - 48174ec556de
  - 619fead82856
  tool_panel_section_id: hca_sc_seurat_tools
- name: seurat_read10x
  owner: ebi-gxa
  revisions:
  - 1b8566f3c1d0
  - 265dcc5bc1e8
  tool_panel_section_id: hca_sc_seurat_tools
- name: seurat_run_pca
  owner: ebi-gxa
  revisions:
  - c4607a42113e
  - df80f3d2f9d4
  tool_panel_section_id: hca_sc_seurat_tools
- name: seurat_run_tsne
  owner: ebi-gxa
  revisions:
  - 13a27436f8ee
  - 3aea769deab1
  tool_panel_section_id: hca_sc_seurat_tools
- name: seurat_scale_data
  owner: ebi-gxa
  revisions:
  - 3d0bfc2a233e
  - 6166efaeb4a6
  tool_panel_section_id: hca_sc_seurat_tools
- name: seurat_find_neighbours
  owner: ebi-gxa
  revisions:
  - 4fff8ad1c76d
  tool_panel_section_id: hca_sc_seurat_tools
- name: monocle3_create
  owner: ebi-gxa
  revisions:
  - 2e446b0cb437
  - 46a523dc303f
  - 75340a5e5fb0
  - a34f243f55a4
  tool_panel_section_id: hca_sc_monocle3_tools
- name: monocle3_diffexp
  owner: ebi-gxa
  revisions:
  - a7d4f80d1265
  - c0441ea8f37a
  - c5665e286bcf
  - f91ddb6bc4ff
  tool_panel_section_id: hca_sc_monocle3_tools
- name: monocle3_learngraph
  owner: ebi-gxa
  revisions:
  - 17e74fba97fd
  - 6b6b5a6d4021
  - 710d112ee525
  - 98e99ab36505
  tool_panel_section_id: hca_sc_monocle3_tools
- name: monocle3_ordercells
  owner: ebi-gxa
  revisions:
  - 5520da33a868
  - 762c57e35238
  - e17c3123cdb5
  - f58c4eb5446d
  tool_panel_section_id: hca_sc_monocle3_tools
- name: monocle3_partition
  owner: ebi-gxa
  revisions:
  - 426e1a869cb3
  - 60cedaee808d
  - 92ca41fbc123
  - be84f9c3a2dd
  tool_panel_section_id: hca_sc_monocle3_tools
- name: monocle3_plotcells
  owner: ebi-gxa
  revisions:
  - 3e737c810a54
  - 896359db6339
  - ad64e2d368d6
  - ef2dc754709c
  tool_panel_section_id: hca_sc_monocle3_tools
- name: monocle3_preprocess
  owner: ebi-gxa
  revisions:
  - 0276a57983e8
  - 0869b0264af1
  - 273d11a83e42
  - 384b9bcf2807
  tool_panel_section_id: hca_sc_monocle3_tools
- name: monocle3_reducedim
  owner: ebi-gxa
  revisions:
  - 004a86dffd79
  - 82cc10768c74
  - 98f4918eee70
  - 9e59e242ed63
  tool_panel_section_id: hca_sc_monocle3_tools
- name: run_sccaf
  owner: ebi-gxa
  revisions:
  - 647d34f125bc
  - ca26d4b4b02c
  tool_panel_section_id: hca_sc_sccaf_tools
- name: sccaf_asses
  owner: ebi-gxa
  revisions:
  - 37a4c22f600b
  - 95670267a5b6
  tool_panel_section_id: hca_sc_sccaf_tools
- name: sccaf_asses_merger
  owner: ebi-gxa
  revisions:
  - 933fad89b50a
  - 99d15ded4d5f
  tool_panel_section_id: hca_sc_sccaf_tools
- name: sccaf_regress_out
  owner: ebi-gxa
  revisions:
  - 5ef0610e9f50
  - 885db50f1bc1
  tool_panel_section_id: hca_sc_sccaf_tools
- name: scmap_index_cell
  owner: ebi-gxa
  revisions:
  - 11b4b9b85b9c
  - 17b3d7e04b3c
  - 5593b0744de9
  - 640982866dfe
  - db43f55890d9
  - dd2a84734b87
  - faa50757208d
  tool_panel_section_id: hca_sc_scmap_tools
- name: scmap_index_cluster
  owner: ebi-gxa
  revisions:
  - 38c6a98c7c60
  - 4696224064ff
  - 63f1a27dce34
  - 9b60d5972dbd
  - a1a0b864906d
  - b65f8ef6ca30
  - e6d99b0652ec
  tool_panel_section_id: hca_sc_scmap_tools
- name: scmap_scmap_cell
  owner: ebi-gxa
  revisions:
  - 19f2fc7a8920
  - 2b85cec412c3
  - 35d8f7d62659
  - 3b686a0e826e
  - c2ca3bc40523
  - f8921da94342
  tool_panel_section_id: hca_sc_scmap_tools
- name: scmap_scmap_cluster
  owner: ebi-gxa
  revisions:
  - 037b0e7a7606
  - 1989bd869cff
  - 49025c0cd5ca
  - 6651208d890b
  - 97922339644a
  - b436e7d353ae
  tool_panel_section_id: hca_sc_scmap_tools
- name: scmap_preprocess_sce
  owner: ebi-gxa
  revisions:
  - 559b9d22f264
  - 72a7d8593afc
  - a74497e18277
  tool_panel_section_id: hca_sc_scmap_tools
- name: scmap_select_features
  owner: ebi-gxa
  revisions:
  - 139321321fdd
  - 3e22b96ba4fb
  - 75ed6252dec5
  - 953c7ff4069e
  - d0d9c3dfd609
  - d85fba139f9a
  tool_panel_section_id: hca_sc_scmap_tools
- name: scmap_get_std_output
  owner: ebi-gxa
  revisions:
  - 0cb98597934b
  - 3370352d1f85
  - 39370cc49ae7
  - 5f95950c3959
  - 656c588b718c
  - fb0626ff412b
  tool_panel_section_id: hca_sc_scmap_tools
- name: ucsc_cell_browser
  owner: ebi-gxa
  revisions:
  - 674777a022e4
  - 679dfd1dd63b
  tool_panel_section_id: hca_sc_utils_viz
- name: sceasy_convert
  owner: ebi-gxa
  revisions:
  - f62bc418173f
  tool_panel_section_id: hca_sc_utils_viz
- name: text_processing
  owner: bgruening
  revisions:
  - 0a8c6b61f0f4
  - fb4ff3c42cd3
  tool_panel_section_label: Text Manipulation
- name: umi_tools_count
  owner: iuc
  revisions:
  - 276b4111b253
  - 933220bbc2ae
  - b557acca0b56
  tool_panel_section_label: FASTA/FASTQ manipulation
- name: alevin
  owner: bgruening
  revisions:
  - 0a5258e41227
  - 917f8e439160
  - e572598580c2
  tool_panel_section_label: RNA-Seq
- name: salmon_kallisto_mtx_to_10x
  owner: ebi-gxa
  revisions:
  - 17f7e1e51fad
  - 5675dc87bb8d
  - 60fa6080f86f
  - cd6007b47199
  - e42c217a450f
  tool_panel_section_id: hca_sc_utils_viz
- name: droplet_barcode_plot
  owner: ebi-gxa
  revisions:
  - 04f32429dcf2
  - 0e985680e67d
  - 8f605643ccfd
  tool_panel_section_id: hca_sc_utils_viz
- name: ct_build_cell_ontology_dict
  owner: ebi-gxa
  revisions:
  - 406d293e567e
  - 7086be9e707e
  - 982a151b2960
  tool_panel_section_id: hca_sc_label_analysis_tools
- name: ct_combine_tool_outputs
  owner: ebi-gxa
  revisions:
  - 44b6219cba2d
  - 7c7d1ef36bf6
  - dc68e75e8ae3
  tool_panel_section_id: hca_sc_label_analysis_tools
- name: ct_get_consensus_outputs
  owner: ebi-gxa
  revisions:
  - 559fbff1f573
  - 66cdd8438ac6
  - a31bc9849f91
  tool_panel_section_id: hca_sc_label_analysis_tools
- name: ct_get_empirical_dist
  owner: ebi-gxa
  revisions:
  - 196cc72cebd1
  - 9d5e6a4ec5b5
  - ce70358b0fe3
  tool_panel_section_id: hca_sc_label_analysis_tools
- name: ct_get_tool_perf_table
  owner: ebi-gxa
  revisions:
  - 10889190fe31
  - 71602426b328
  - 71c809e81f66
  tool_panel_section_id: hca_sc_label_analysis_tools
- name: ct_get_tool_pvals
  owner: ebi-gxa
  revisions:
  - 39f348e76f41
  - cb8921e0f4f0
  - f2ffa4fd4c2a
  tool_panel_section_id: hca_sc_label_analysis_tools
- name: garnett_check_markers
  owner: ebi-gxa
  revisions:
  - c00e672eadbc
  - ce67c5c9a56e
  - d2aace2bb87f
  tool_panel_section_id: hca_sc_garnett_tools
- name: garnett_classify_cells
  owner: ebi-gxa
  revisions:
  - 67e6c4455bb8
  - 715b020ecfb6
  - ad647e1d14dc
  tool_panel_section_id: hca_sc_garnett_tools
- name: garnett_get_feature_genes
  owner: ebi-gxa
  revisions:
  - 29117f5b2cd9
  - 3176cbad2800
  - a16b409dee64
  tool_panel_section_id: hca_sc_garnett_tools
- name: garnett_get_std_output
  owner: ebi-gxa
  revisions:
  - 07deabaded2b
  - 1023eae1b147
  - 40b587883bd9
  - 5f05e2901299
  tool_panel_section_id: hca_sc_garnett_tools
- name: garnett_train_classifier
  owner: ebi-gxa
  revisions:
  - 2067ebe66b55
  - 24a22971dd44
  - 9be21507358d
  - e7bb0bf34f26
  tool_panel_section_id: hca_sc_garnett_tools
- name: garnett_transform_markers
  owner: ebi-gxa
  revisions:
  - 1dc49d16e96c
  - 211241c50ccf
  - 2142ecf6ff02
  tool_panel_section_id: hca_sc_garnett_tools
- name: update_marker_file
  owner: ebi-gxa
  revisions:
  - 3a1cfbb8aa56
  - 5036928f60bc
  - 8ee96cde3643
  tool_panel_section_id: hca_sc_garnett_tools
- name: scpred_eigen_decompose
  owner: ebi-gxa
  revisions:
  - 3867289e6c1a
  - c6fd7cbaf247
  tool_panel_section_id: hca_sc_scpred_tools
- name: scpred_get_feature_space
  owner: ebi-gxa
  revisions:
  - 4a77d2091aec
  - db7ecc1aaf59
  tool_panel_section_id: hca_sc_scpred_tools
- name: scpred_get_std_output
  owner: ebi-gxa
  revisions:
  - 138d00a58412
  - 156b1e9cc269
  - 43ce84bd1d9a
  - a7bf1d2b310b
  tool_panel_section_id: hca_sc_scpred_tools
- name: scpred_predict_labels
  owner: ebi-gxa
  revisions:
  - 051f5801c819
  - 1bc003e80986
  - c54f0e1a3bd8
  - f0862eb4f999
  tool_panel_section_id: hca_sc_scpred_tools
- name: scpred_train_model
  owner: ebi-gxa
  revisions:
  - 01493c9cdfa7
  - 46c2b1454118
  - b17acf485397
  - ba53e46a4275
  tool_panel_section_id: hca_sc_scpred_tools
- name: scpred_traint_test_split
  owner: ebi-gxa
  revisions:
  - 148fae20fe64
  - 8ec19f24fcf3
  - a6d66c9953ed
  tool_panel_section_id: hca_sc_scpred_tools
- name: scpred_preprocess_data
  owner: ebi-gxa
  revisions:
  - 03b45c148df7
  - 82087ae9fe4e
  - ec6d9a9fb273
  tool_panel_section_id: hca_sc_scpred_tools
